
Microsoft Visual Studio Solution File, Format Version 12.00
# Visual Studio Version 16
VisualStudioVersion = 16.0.29009.5
MinimumVisualStudioVersion = 10.0.40219.1
Project("{9A19103F-16F7-4668-BE54-9A1E7A4F7556}") = "IT Service Desk", "IT Service Desk.csproj", "{977FAFA7-195E-48F0-81E0-41DFEC45A9EB}"
EndProject
Global
	GlobalSection(SolutionConfigurationPlatforms) = preSolution
		Debug|Any CPU = Debug|Any CPU
		Release|Any CPU = Release|Any CPU
	EndGlobalSection
	GlobalSection(ProjectConfigurationPlatforms) = postSolution
		{977FAFA7-195E-48F0-81E0-41DFEC45A9EB}.Debug|Any CPU.ActiveCfg = Debug|Any CPU
		{977FAFA7-195E-48F0-81E0-41DFEC45A9EB}.Debug|Any CPU.Build.0 = Debug|Any CPU
		{977FAFA7-195E-48F0-81E0-41DFEC45A9EB}.Release|Any CPU.ActiveCfg = Release|Any CPU
		{977FAFA7-195E-48F0-81E0-41DFEC45A9EB}.Release|Any CPU.Build.0 = Release|Any CPU
	EndGlobalSection
	GlobalSection(SolutionProperties) = preSolution
		HideSolutionNode = FALSE
	EndGlobalSection
	GlobalSection(ExtensibilityGlobals) = postSolution
		SolutionGuid = {8ED9F421-7801-4011-B3E2-674CBDDABC9F}
	EndGlobalSection
EndGlobal
